
Microsoft Visual Studio Solution File, Format Version 11.00
# Visual Studio 2010
Project("{FAE04EC0-301F-11D3-BF4B-00C04F79EFBC}") = "Ranbrary", "Ranbrary\Ranbrary.csproj", "{995AC628-A011-40F3-84C2-76B25AE27AD4}"
EndProject
Project("{FAE04EC0-301F-11D3-BF4B-00C04F79EFBC}") = "Ranbrary.Test", "Ranbrary.Test\Ranbrary.Test.csproj", "{9AE57849-4412-4A3A-956E-04BB80692733}"
EndProject
Project("{2150E333-8FDC-42A3-9474-1A3956D46DE8}") = "Solution Items", "Solution Items", "{2A14571C-C6D8-4B11-BE92-2E1B4E8149FF}"
	ProjectSection(SolutionItems) = preProject
		Local.testsettings = Local.testsettings
		Ranbrary.vsmdi = Ranbrary.vsmdi
		TraceAndTestImpact.testsettings = TraceAndTestImpact.testsettings
	EndProjectSection
EndProject
Global
	GlobalSection(TestCaseManagementSettings) = postSolution
		CategoryFile = Ranbrary.vsmdi
	EndGlobalSection
	GlobalSection(SolutionConfigurationPlatforms) = preSolution
		Debug|Any CPU = Debug|Any CPU
		Release|Any CPU = Release|Any CPU
	EndGlobalSection
	GlobalSection(ProjectConfigurationPlatforms) = postSolution
		{995AC628-A011-40F3-84C2-76B25AE27AD4}.Debug|Any CPU.ActiveCfg = Debug|Any CPU
		{995AC628-A011-40F3-84C2-76B25AE27AD4}.Debug|Any CPU.Build.0 = Debug|Any CPU
		{995AC628-A011-40F3-84C2-76B25AE27AD4}.Release|Any CPU.ActiveCfg = Release|Any CPU
		{995AC628-A011-40F3-84C2-76B25AE27AD4}.Release|Any CPU.Build.0 = Release|Any CPU
		{9AE57849-4412-4A3A-956E-04BB80692733}.Debug|Any CPU.ActiveCfg = Debug|Any CPU
		{9AE57849-4412-4A3A-956E-04BB80692733}.Debug|Any CPU.Build.0 = Debug|Any CPU
		{9AE57849-4412-4A3A-956E-04BB80692733}.Release|Any CPU.ActiveCfg = Release|Any CPU
		{9AE57849-4412-4A3A-956E-04BB80692733}.Release|Any CPU.Build.0 = Release|Any CPU
	EndGlobalSection
	GlobalSection(SolutionProperties) = preSolution
		HideSolutionNode = FALSE
	EndGlobalSection
EndGlobal
